
Microsoft Visual Studio Solution File, Format Version 12.00
# Visual Studio Version 16
VisualStudioVersion = 16.0.30225.117
MinimumVisualStudioVersion = 10.0.40219.1
Project("{9A19103F-16F7-4668-BE54-9A1E7A4F7556}") = "Bees.Logic", "Bees.Logic\Bees.Logic.csproj", "{5048C55C-41EA-427D-AB00-9690BD534783}"
EndProject
Project("{FAE04EC0-301F-11D3-BF4B-00C04F79EFBC}") = "Bees.Logic.Tests", "Bees.Logic.Tests\Bees.Logic.Tests.csproj", "{CAD714B8-EE63-44E8-9127-A9D2D70228E0}"
EndProject
Project("{2150E333-8FDC-42A3-9474-1A3956D46DE8}") = "Solution Items", "Solution Items", "{711B8AC0-B47A-4D95-B886-B67FB180E8A7}"
	ProjectSection(SolutionItems) = preProject
		README.md = README.md
	EndProjectSection
EndProject
Project("{FAE04EC0-301F-11D3-BF4B-00C04F79EFBC}") = "Bees.UI", "Bees.UI\Bees.UI.csproj", "{54F80D64-4498-4586-953B-A62FF0B83360}"
EndProject
Global
	GlobalSection(SolutionConfigurationPlatforms) = preSolution
		Debug|Any CPU = Debug|Any CPU
		Release|Any CPU = Release|Any CPU
	EndGlobalSection
	GlobalSection(ProjectConfigurationPlatforms) = postSolution
		{5048C55C-41EA-427D-AB00-9690BD534783}.Debug|Any CPU.ActiveCfg = Debug|Any CPU
		{5048C55C-41EA-427D-AB00-9690BD534783}.Debug|Any CPU.Build.0 = Debug|Any CPU
		{5048C55C-41EA-427D-AB00-9690BD534783}.Release|Any CPU.ActiveCfg = Release|Any CPU
		{5048C55C-41EA-427D-AB00-9690BD534783}.Release|Any CPU.Build.0 = Release|Any CPU
		{CAD714B8-EE63-44E8-9127-A9D2D70228E0}.Debug|Any CPU.ActiveCfg = Debug|Any CPU
		{CAD714B8-EE63-44E8-9127-A9D2D70228E0}.Debug|Any CPU.Build.0 = Debug|Any CPU
		{CAD714B8-EE63-44E8-9127-A9D2D70228E0}.Release|Any CPU.ActiveCfg = Release|Any CPU
		{CAD714B8-EE63-44E8-9127-A9D2D70228E0}.Release|Any CPU.Build.0 = Release|Any CPU
		{54F80D64-4498-4586-953B-A62FF0B83360}.Debug|Any CPU.ActiveCfg = Debug|Any CPU
		{54F80D64-4498-4586-953B-A62FF0B83360}.Debug|Any CPU.Build.0 = Debug|Any CPU
		{54F80D64-4498-4586-953B-A62FF0B83360}.Release|Any CPU.ActiveCfg = Release|Any CPU
		{54F80D64-4498-4586-953B-A62FF0B83360}.Release|Any CPU.Build.0 = Release|Any CPU
	EndGlobalSection
	GlobalSection(SolutionProperties) = preSolution
		HideSolutionNode = FALSE
	EndGlobalSection
	GlobalSection(ExtensibilityGlobals) = postSolution
		SolutionGuid = {A31C4E60-4BC9-4584-9CA1-14606BA35D76}
	EndGlobalSection
EndGlobal
